
Microsoft Visual Studio Solution File, Format Version 12.00
# Visual Studio Version 17
VisualStudioVersion = 17.9.34728.123
MinimumVisualStudioVersion = 10.0.40219.1
Project("{FAE04EC0-301F-11D3-BF4B-00C04F79EFBC}") = "SearchMaster", "SearchMaster\SearchMaster.csproj", "{B2D09BCF-096F-4016-907E-AAD5E52845B4}"
	ProjectSection(ProjectDependencies) = postProject
		{7696475A-D826-40BD-B6C4-AF9EC0CCEBC3} = {7696475A-D826-40BD-B6C4-AF9EC0CCEBC3}
	EndProjectSection
EndProject
Project("{FAE04EC0-301F-11D3-BF4B-00C04F79EFBC}") = "MasterIndexer", "MasterIndexer\MasterIndexer.csproj", "{F075A278-3012-402E-96E3-FCEDB187BFE4}"
	ProjectSection(ProjectDependencies) = postProject
		{7696475A-D826-40BD-B6C4-AF9EC0CCEBC3} = {7696475A-D826-40BD-B6C4-AF9EC0CCEBC3}
	EndProjectSection
EndProject
Project("{FAE04EC0-301F-11D3-BF4B-00C04F79EFBC}") = "DocLib", "DocLib\DocLib.csproj", "{7696475A-D826-40BD-B6C4-AF9EC0CCEBC3}"
EndProject
Project("{2150E333-8FDC-42A3-9474-1A3956D46DE8}") = "Éléments de solution", "Éléments de solution", "{8A3284F1-2B05-4ACB-B41A-DA5300DD9E58}"
	ProjectSection(SolutionItems) = preProject
		todo.txt = todo.txt
	EndProjectSection
EndProject
Global
	GlobalSection(SolutionConfigurationPlatforms) = preSolution
		Debug|Any CPU = Debug|Any CPU
		Release|Any CPU = Release|Any CPU
	EndGlobalSection
	GlobalSection(ProjectConfigurationPlatforms) = postSolution
		{B2D09BCF-096F-4016-907E-AAD5E52845B4}.Debug|Any CPU.ActiveCfg = Debug|Any CPU
		{B2D09BCF-096F-4016-907E-AAD5E52845B4}.Debug|Any CPU.Build.0 = Debug|Any CPU
		{B2D09BCF-096F-4016-907E-AAD5E52845B4}.Release|Any CPU.ActiveCfg = Release|Any CPU
		{B2D09BCF-096F-4016-907E-AAD5E52845B4}.Release|Any CPU.Build.0 = Release|Any CPU
		{F075A278-3012-402E-96E3-FCEDB187BFE4}.Debug|Any CPU.ActiveCfg = Debug|Any CPU
		{F075A278-3012-402E-96E3-FCEDB187BFE4}.Debug|Any CPU.Build.0 = Debug|Any CPU
		{F075A278-3012-402E-96E3-FCEDB187BFE4}.Release|Any CPU.ActiveCfg = Release|Any CPU
		{F075A278-3012-402E-96E3-FCEDB187BFE4}.Release|Any CPU.Build.0 = Release|Any CPU
		{7696475A-D826-40BD-B6C4-AF9EC0CCEBC3}.Debug|Any CPU.ActiveCfg = Debug|Any CPU
		{7696475A-D826-40BD-B6C4-AF9EC0CCEBC3}.Debug|Any CPU.Build.0 = Debug|Any CPU
		{7696475A-D826-40BD-B6C4-AF9EC0CCEBC3}.Release|Any CPU.ActiveCfg = Release|Any CPU
		{7696475A-D826-40BD-B6C4-AF9EC0CCEBC3}.Release|Any CPU.Build.0 = Release|Any CPU
	EndGlobalSection
	GlobalSection(SolutionProperties) = preSolution
		HideSolutionNode = FALSE
	EndGlobalSection
	GlobalSection(ExtensibilityGlobals) = postSolution
		SolutionGuid = {35C4CB0C-FD87-4F59-B851-24351C0B067E}
	EndGlobalSection
EndGlobal
